
Microsoft Visual Studio Solution File, Format Version 12.00
# Visual Studio Version 17
VisualStudioVersion = 17.5.33502.453
MinimumVisualStudioVersion = 10.0.40219.1
Project("{9A19103F-16F7-4668-BE54-9A1E7A4F7556}") = "BooksShop", "BooksShop\BooksShop.csproj", "{93B23299-26D9-4EF0-AE7B-D8B9D9E51F19}"
EndProject
Project("{FAE04EC0-301F-11D3-BF4B-00C04F79EFBC}") = "BooksShop.Infrastructure", "BooksShop.Infrastructure\BooksShop.Infrastructure.csproj", "{A89829A0-9862-47B4-B2AE-E9344098443A}"
EndProject
Project("{FAE04EC0-301F-11D3-BF4B-00C04F79EFBC}") = "BooksShop.Core", "BooksShop.Core\BooksShop.Core.csproj", "{BDDE07EB-D08F-4366-B4ED-0531CFE88CD8}"
EndProject
Global
	GlobalSection(SolutionConfigurationPlatforms) = preSolution
		Debug|Any CPU = Debug|Any CPU
		Release|Any CPU = Release|Any CPU
	EndGlobalSection
	GlobalSection(ProjectConfigurationPlatforms) = postSolution
		{93B23299-26D9-4EF0-AE7B-D8B9D9E51F19}.Debug|Any CPU.ActiveCfg = Debug|Any CPU
		{93B23299-26D9-4EF0-AE7B-D8B9D9E51F19}.Debug|Any CPU.Build.0 = Debug|Any CPU
		{93B23299-26D9-4EF0-AE7B-D8B9D9E51F19}.Release|Any CPU.ActiveCfg = Release|Any CPU
		{93B23299-26D9-4EF0-AE7B-D8B9D9E51F19}.Release|Any CPU.Build.0 = Release|Any CPU
		{A89829A0-9862-47B4-B2AE-E9344098443A}.Debug|Any CPU.ActiveCfg = Debug|Any CPU
		{A89829A0-9862-47B4-B2AE-E9344098443A}.Debug|Any CPU.Build.0 = Debug|Any CPU
		{A89829A0-9862-47B4-B2AE-E9344098443A}.Release|Any CPU.ActiveCfg = Release|Any CPU
		{A89829A0-9862-47B4-B2AE-E9344098443A}.Release|Any CPU.Build.0 = Release|Any CPU
		{BDDE07EB-D08F-4366-B4ED-0531CFE88CD8}.Debug|Any CPU.ActiveCfg = Debug|Any CPU
		{BDDE07EB-D08F-4366-B4ED-0531CFE88CD8}.Debug|Any CPU.Build.0 = Debug|Any CPU
		{BDDE07EB-D08F-4366-B4ED-0531CFE88CD8}.Release|Any CPU.ActiveCfg = Release|Any CPU
		{BDDE07EB-D08F-4366-B4ED-0531CFE88CD8}.Release|Any CPU.Build.0 = Release|Any CPU
	EndGlobalSection
	GlobalSection(SolutionProperties) = preSolution
		HideSolutionNode = FALSE
	EndGlobalSection
	GlobalSection(ExtensibilityGlobals) = postSolution
		SolutionGuid = {1542F1AA-E3F5-4122-A6FA-B4B3012EB17A}
	EndGlobalSection
EndGlobal
